
Microsoft Visual Studio Solution File, Format Version 12.00
# Visual Studio 14
VisualStudioVersion = 14.0.23107.0
MinimumVisualStudioVersion = 10.0.40219.1
Project("{FAE04EC0-301F-11D3-BF4B-00C04F79EFBC}") = "TestDRVtransGas", "TestDRVtransGas.csproj", "{A541BC4C-0F89-433D-97AE-960E34CDE97F}"
	ProjectSection(ProjectDependencies) = postProject
		{F7C24EA3-5B42-4666-AA37-B2E60CDA7A96} = {F7C24EA3-5B42-4666-AA37-B2E60CDA7A96}
		{B6468DD5-58C4-4950-B3F6-DAF30A384F55} = {B6468DD5-58C4-4950-B3F6-DAF30A384F55}
	EndProjectSection
EndProject
Project("{FAE04EC0-301F-11D3-BF4B-00C04F79EFBC}") = "BelTransGasDRV", "..\..\..\..\sss\FloBossDrv\BelTransGasDRV.csproj", "{F7C24EA3-5B42-4666-AA37-B2E60CDA7A96}"
	ProjectSection(ProjectDependencies) = postProject
		{B6468DD5-58C4-4950-B3F6-DAF30A384F55} = {B6468DD5-58C4-4950-B3F6-DAF30A384F55}
	EndProjectSection
EndProject
Project("{FAE04EC0-301F-11D3-BF4B-00C04F79EFBC}") = "Modbus", "..\..\..\..\..\Info\Интерфейсы\MODBUS\Modbus TCP\modbus_v1_0_2_0\Modbus\Modbus.csproj", "{B6468DD5-58C4-4950-B3F6-DAF30A384F55}"
EndProject
Project("{FAE04EC0-301F-11D3-BF4B-00C04F79EFBC}") = "FillDBofTag", "..\FillDBofTag\FillDBofTag.csproj", "{DD24F097-3502-4A5C-B9D1-55F247BE126D}"
EndProject
Project("{FAE04EC0-301F-11D3-BF4B-00C04F79EFBC}") = "WindowsFormsApplication4", "..\..\..\..\test\WindowsFormsApplication4\WindowsFormsApplication4.csproj", "{38F05A34-09A4-4411-A64C-6A09D6C20A67}"
EndProject
Global
	GlobalSection(SolutionConfigurationPlatforms) = preSolution
		Debug|Any CPU = Debug|Any CPU
		Release|Any CPU = Release|Any CPU
	EndGlobalSection
	GlobalSection(ProjectConfigurationPlatforms) = postSolution
		{A541BC4C-0F89-433D-97AE-960E34CDE97F}.Debug|Any CPU.ActiveCfg = Debug|Any CPU
		{A541BC4C-0F89-433D-97AE-960E34CDE97F}.Debug|Any CPU.Build.0 = Debug|Any CPU
		{A541BC4C-0F89-433D-97AE-960E34CDE97F}.Release|Any CPU.ActiveCfg = Release|Any CPU
		{A541BC4C-0F89-433D-97AE-960E34CDE97F}.Release|Any CPU.Build.0 = Release|Any CPU
		{F7C24EA3-5B42-4666-AA37-B2E60CDA7A96}.Debug|Any CPU.ActiveCfg = Debug|Any CPU
		{F7C24EA3-5B42-4666-AA37-B2E60CDA7A96}.Debug|Any CPU.Build.0 = Debug|Any CPU
		{F7C24EA3-5B42-4666-AA37-B2E60CDA7A96}.Release|Any CPU.ActiveCfg = Release|Any CPU
		{F7C24EA3-5B42-4666-AA37-B2E60CDA7A96}.Release|Any CPU.Build.0 = Release|Any CPU
		{B6468DD5-58C4-4950-B3F6-DAF30A384F55}.Debug|Any CPU.ActiveCfg = Debug|Any CPU
		{B6468DD5-58C4-4950-B3F6-DAF30A384F55}.Debug|Any CPU.Build.0 = Debug|Any CPU
		{B6468DD5-58C4-4950-B3F6-DAF30A384F55}.Release|Any CPU.ActiveCfg = Release|Any CPU
		{B6468DD5-58C4-4950-B3F6-DAF30A384F55}.Release|Any CPU.Build.0 = Release|Any CPU
		{DD24F097-3502-4A5C-B9D1-55F247BE126D}.Debug|Any CPU.ActiveCfg = Debug|Any CPU
		{DD24F097-3502-4A5C-B9D1-55F247BE126D}.Debug|Any CPU.Build.0 = Debug|Any CPU
		{DD24F097-3502-4A5C-B9D1-55F247BE126D}.Release|Any CPU.ActiveCfg = Release|Any CPU
		{DD24F097-3502-4A5C-B9D1-55F247BE126D}.Release|Any CPU.Build.0 = Release|Any CPU
		{38F05A34-09A4-4411-A64C-6A09D6C20A67}.Debug|Any CPU.ActiveCfg = Debug|Any CPU
		{38F05A34-09A4-4411-A64C-6A09D6C20A67}.Debug|Any CPU.Build.0 = Debug|Any CPU
		{38F05A34-09A4-4411-A64C-6A09D6C20A67}.Release|Any CPU.ActiveCfg = Release|Any CPU
		{38F05A34-09A4-4411-A64C-6A09D6C20A67}.Release|Any CPU.Build.0 = Release|Any CPU
	EndGlobalSection
	GlobalSection(SolutionProperties) = preSolution
		HideSolutionNode = FALSE
	EndGlobalSection
EndGlobal
